
Microsoft Visual Studio Solution File, Format Version 12.00
# Visual Studio Version 16
VisualStudioVersion = 16.0.31729.503
MinimumVisualStudioVersion = 10.0.40219.1
Project("{FAE04EC0-301F-11D3-BF4B-00C04F79EFBC}") = "Fundtasia", "Fundtasia\Fundtasia.csproj", "{19704898-71C0-434F-BE11-084C996CB093}"
EndProject
Global
	GlobalSection(SolutionConfigurationPlatforms) = preSolution
		Debug|Any CPU = Debug|Any CPU
		Release|Any CPU = Release|Any CPU
	EndGlobalSection
	GlobalSection(ProjectConfigurationPlatforms) = postSolution
		{19704898-71C0-434F-BE11-084C996CB093}.Debug|Any CPU.ActiveCfg = Debug|Any CPU
		{19704898-71C0-434F-BE11-084C996CB093}.Debug|Any CPU.Build.0 = Debug|Any CPU
		{19704898-71C0-434F-BE11-084C996CB093}.Release|Any CPU.ActiveCfg = Release|Any CPU
		{19704898-71C0-434F-BE11-084C996CB093}.Release|Any CPU.Build.0 = Release|Any CPU
	EndGlobalSection
	GlobalSection(SolutionProperties) = preSolution
		HideSolutionNode = FALSE
	EndGlobalSection
	GlobalSection(ExtensibilityGlobals) = postSolution
		SolutionGuid = {8CE57C09-C7FA-4153-8500-F2CD56625242}
	EndGlobalSection
EndGlobal
